
Microsoft Visual Studio Solution File, Format Version 12.00
# Visual Studio 15
Project("{FAE04EC0-301F-11D3-BF4B-00C04F79EFBC}") = "Assembly-CSharp", "Assembly-CSharp.csproj", "{B101DFB1-BFF9-A306-9A9E-267A52A33171}"
EndProject
Project("{FAE04EC0-301F-11D3-BF4B-00C04F79EFBC}") = "Assembly-CSharp-Editor", "Assembly-CSharp-Editor.csproj", "{B5D18A22-E39C-EE0B-B35F-0CFF7F2848FE}"
EndProject
Global
	GlobalSection(SolutionConfigurationPlatforms) = preSolution
		Debug|Any CPU = Debug|Any CPU
		Release|Any CPU = Release|Any CPU
	EndGlobalSection
	GlobalSection(ProjectConfigurationPlatforms) = postSolution
		{B101DFB1-BFF9-A306-9A9E-267A52A33171}.Debug|Any CPU.ActiveCfg = Debug|Any CPU
		{B101DFB1-BFF9-A306-9A9E-267A52A33171}.Debug|Any CPU.Build.0 = Debug|Any CPU
		{B101DFB1-BFF9-A306-9A9E-267A52A33171}.Release|Any CPU.ActiveCfg = Release|Any CPU
		{B101DFB1-BFF9-A306-9A9E-267A52A33171}.Release|Any CPU.Build.0 = Release|Any CPU
		{B5D18A22-E39C-EE0B-B35F-0CFF7F2848FE}.Debug|Any CPU.ActiveCfg = Debug|Any CPU
		{B5D18A22-E39C-EE0B-B35F-0CFF7F2848FE}.Debug|Any CPU.Build.0 = Debug|Any CPU
		{B5D18A22-E39C-EE0B-B35F-0CFF7F2848FE}.Release|Any CPU.ActiveCfg = Release|Any CPU
		{B5D18A22-E39C-EE0B-B35F-0CFF7F2848FE}.Release|Any CPU.Build.0 = Release|Any CPU
	EndGlobalSection
	GlobalSection(SolutionProperties) = preSolution
		HideSolutionNode = FALSE
	EndGlobalSection
EndGlobal
